// !$*UTF8*$!
{
	archiveVersion = 1;
	classes = {
	};
	objectVersion = 50;
	objects = {

/* Begin PBXBuildFile section */
		200F89B6217CEE270050EC57 /* GooglePlaceSearchViewController.swift in Sources */ = {isa = PBXBuildFile; fileRef = 200F89B5217CEE270050EC57 /* GooglePlaceSearchViewController.swift */; };
		2071DEC1216B902700996982 /* AppDelegate.swift in Sources */ = {isa = PBXBuildFile; fileRef = 2071DEC0216B902700996982 /* AppDelegate.swift */; };
		2071DEC3216B902700996982 /* ViewController.swift in Sources */ = {isa = PBXBuildFile; fileRef = 2071DEC2216B902700996982 /* ViewController.swift */; };
		2071DEC6216B902800996982 /* Main.storyboard in Resources */ = {isa = PBXBuildFile; fileRef = 2071DEC4216B902700996982 /* Main.storyboard */; };
		2071DEC8216B902D00996982 /* Assets.xcassets in Resources */ = {isa = PBXBuildFile; fileRef = 2071DEC7216B902D00996982 /* Assets.xcassets */; };
		2071DECB216B902D00996982 /* LaunchScreen.storyboard in Resources */ = {isa = PBXBuildFile; fileRef = 2071DEC9216B902D00996982 /* LaunchScreen.storyboard */; };
		2071DED6216BAA9900996982 /* Card.swift in Sources */ = {isa = PBXBuildFile; fileRef = 2071DED5216BAA9900996982 /* Card.swift */; };
		2071DED8216BCC7200996982 /* Deck.swift in Sources */ = {isa = PBXBuildFile; fileRef = 2071DED7216BCC7200996982 /* Deck.swift */; };
		2071DEDA216C224500996982 /* Player.swift in Sources */ = {isa = PBXBuildFile; fileRef = 2071DED9216C224500996982 /* Player.swift */; };
		2071DEDC216D1B8100996982 /* Dealer.swift in Sources */ = {isa = PBXBuildFile; fileRef = 2071DEDB216D1B8100996982 /* Dealer.swift */; };
		2071DEDE216D1BA000996982 /* House.swift in Sources */ = {isa = PBXBuildFile; fileRef = 2071DEDD216D1BA000996982 /* House.swift */; };
		2071DEE0216D3D8800996982 /* HomeViewController.swift in Sources */ = {isa = PBXBuildFile; fileRef = 2071DEDF216D3D8800996982 /* HomeViewController.swift */; };
		207D91F3216E4066006F0CE0 /* BlackjackViewController.swift in Sources */ = {isa = PBXBuildFile; fileRef = 207D91F2216E4066006F0CE0 /* BlackjackViewController.swift */; };
		20AD6BBA2179132100415A5D /* GoogleService-Info.plist in Resources */ = {isa = PBXBuildFile; fileRef = 20AD6BB92179132100415A5D /* GoogleService-Info.plist */; };
		36D188A2B7DC287A05137E42 /* Pods_Blackjack.framework in Frameworks */ = {isa = PBXBuildFile; fileRef = 21087A7B661D1A5FD7B64B4E /* Pods_Blackjack.framework */; };
/* End PBXBuildFile section */

/* Begin PBXFileReference section */
		12AD08DACE12444B2CF75E5D /* Pods-Blackjack.release.xcconfig */ = {isa = PBXFileReference; includeInIndex = 1; lastKnownFileType = text.xcconfig; name = "Pods-Blackjack.release.xcconfig"; path = "Pods/Target Support Files/Pods-Blackjack/Pods-Blackjack.release.xcconfig"; sourceTree = "<group>"; };
		200F89B5217CEE270050EC57 /* GooglePlaceSearchViewController.swift */ = {isa = PBXFileReference; lastKnownFileType = sourcecode.swift; path = GooglePlaceSearchViewController.swift; sourceTree = "<group>"; };
		2071DEBD216B902700996982 /* Blackjack.app */ = {isa = PBXFileReference; explicitFileType = wrapper.application; includeInIndex = 0; path = Blackjack.app; sourceTree = BUILT_PRODUCTS_DIR; };
		2071DEC0216B902700996982 /* AppDelegate.swift */ = {isa = PBXFileReference; lastKnownFileType = sourcecode.swift; path = AppDelegate.swift; sourceTree = "<group>"; };
		2071DEC2216B902700996982 /* ViewController.swift */ = {isa = PBXFileReference; lastKnownFileType = sourcecode.swift; path = ViewController.swift; sourceTree = "<group>"; };
		2071DEC5216B902700996982 /* Base */ = {isa = PBXFileReference; lastKnownFileType = file.storyboard; name = Base; path = Base.lproj/Main.storyboard; sourceTree = "<group>"; };
		2071DEC7216B902D00996982 /* Assets.xcassets */ = {isa = PBXFileReference; lastKnownFileType = folder.assetcatalog; path = Assets.xcassets; sourceTree = "<group>"; };
		2071DECA216B902D00996982 /* Base */ = {isa = PBXFileReference; lastKnownFileType = file.storyboard; name = Base; path = Base.lproj/LaunchScreen.storyboard; sourceTree = "<group>"; };
		2071DECC216B902D00996982 /* Info.plist */ = {isa = PBXFileReference; lastKnownFileType = text.plist.xml; path = Info.plist; sourceTree = "<group>"; };
		2071DED5216BAA9900996982 /* Card.swift */ = {isa = PBXFileReference; lastKnownFileType = sourcecode.swift; path = Card.swift; sourceTree = "<group>"; };
		2071DED7216BCC7200996982 /* Deck.swift */ = {isa = PBXFileReference; lastKnownFileType = sourcecode.swift; path = Deck.swift; sourceTree = "<group>"; };
		2071DED9216C224500996982 /* Player.swift */ = {isa = PBXFileReference; lastKnownFileType = sourcecode.swift; path = Player.swift; sourceTree = "<group>"; };
		2071DEDB216D1B8100996982 /* Dealer.swift */ = {isa = PBXFileReference; lastKnownFileType = sourcecode.swift; path = Dealer.swift; sourceTree = "<group>"; };
		2071DEDD216D1BA000996982 /* House.swift */ = {isa = PBXFileReference; lastKnownFileType = sourcecode.swift; path = House.swift; sourceTree = "<group>"; };
		2071DEDF216D3D8800996982 /* HomeViewController.swift */ = {isa = PBXFileReference; lastKnownFileType = sourcecode.swift; path = HomeViewController.swift; sourceTree = "<group>"; };
		207D91F2216E4066006F0CE0 /* BlackjackViewController.swift */ = {isa = PBXFileReference; lastKnownFileType = sourcecode.swift; path = BlackjackViewController.swift; sourceTree = "<group>"; };
		20AD6BB92179132100415A5D /* GoogleService-Info.plist */ = {isa = PBXFileReference; fileEncoding = 4; lastKnownFileType = text.plist.xml; path = "GoogleService-Info.plist"; sourceTree = "<group>"; };
		21087A7B661D1A5FD7B64B4E /* Pods_Blackjack.framework */ = {isa = PBXFileReference; explicitFileType = wrapper.framework; includeInIndex = 0; path = Pods_Blackjack.framework; sourceTree = BUILT_PRODUCTS_DIR; };
		EDFEC352C267BE8430148720 /* Pods-Blackjack.debug.xcconfig */ = {isa = PBXFileReference; includeInIndex = 1; lastKnownFileType = text.xcconfig; name = "Pods-Blackjack.debug.xcconfig"; path = "Pods/Target Support Files/Pods-Blackjack/Pods-Blackjack.debug.xcconfig"; sourceTree = "<group>"; };
/* End PBXFileReference section */

/* Begin PBXFrameworksBuildPhase section */
		2071DEBA216B902700996982 /* Frameworks */ = {
			isa = PBXFrameworksBuildPhase;
			buildActionMask = 2147483647;
			files = (
				36D188A2B7DC287A05137E42 /* Pods_Blackjack.framework in Frameworks */,
			);
			runOnlyForDeploymentPostprocessing = 0;
		};
/* End PBXFrameworksBuildPhase section */

/* Begin PBXGroup section */
		2071DEB4216B902700996982 = {
			isa = PBXGroup;
			children = (
				2071DEBF216B902700996982 /* Blackjack */,
				2071DEBE216B902700996982 /* Products */,
				FBE56EA24ACF07838AA5AFEB /* Pods */,
				C930E4BCC1A127CB6F52B914 /* Frameworks */,
			);
			sourceTree = "<group>";
		};
		2071DEBE216B902700996982 /* Products */ = {
			isa = PBXGroup;
			children = (
				2071DEBD216B902700996982 /* Blackjack.app */,
			);
			name = Products;
			sourceTree = "<group>";
		};
		2071DEBF216B902700996982 /* Blackjack */ = {
			isa = PBXGroup;
			children = (
				20AD6BB92179132100415A5D /* GoogleService-Info.plist */,
				2071DED2216BA8CB00996982 /* Model */,
				2071DED3216BA8D400996982 /* View */,
				2071DED4216BA8DC00996982 /* Controller */,
				2071DEC0216B902700996982 /* AppDelegate.swift */,
				2071DEC7216B902D00996982 /* Assets.xcassets */,
				2071DEC9216B902D00996982 /* LaunchScreen.storyboard */,
				2071DECC216B902D00996982 /* Info.plist */,
			);
			path = Blackjack;
			sourceTree = "<group>";
		};
		2071DED2216BA8CB00996982 /* Model */ = {
			isa = PBXGroup;
			children = (
				2071DED5216BAA9900996982 /* Card.swift */,
				2071DED7216BCC7200996982 /* Deck.swift */,
				2071DED9216C224500996982 /* Player.swift */,
				2071DEDB216D1B8100996982 /* Dealer.swift */,
				2071DEDD216D1BA000996982 /* House.swift */,
			);
			path = Model;
			sourceTree = "<group>";
		};
		2071DED3216BA8D400996982 /* View */ = {
			isa = PBXGroup;
			children = (
				2071DEC4216B902700996982 /* Main.storyboard */,
			);
			path = View;
			sourceTree = "<group>";
		};
		2071DED4216BA8DC00996982 /* Controller */ = {
			isa = PBXGroup;
			children = (
				2071DEC2216B902700996982 /* ViewController.swift */,
				2071DEDF216D3D8800996982 /* HomeViewController.swift */,
				207D91F2216E4066006F0CE0 /* BlackjackViewController.swift */,
				200F89B5217CEE270050EC57 /* GooglePlaceSearchViewController.swift */,
			);
			path = Controller;
			sourceTree = "<group>";
		};
		C930E4BCC1A127CB6F52B914 /* Frameworks */ = {
			isa = PBXGroup;
			children = (
				21087A7B661D1A5FD7B64B4E /* Pods_Blackjack.framework */,
			);
			name = Frameworks;
			sourceTree = "<group>";
		};
		FBE56EA24ACF07838AA5AFEB /* Pods */ = {
			isa = PBXGroup;
			children = (
				EDFEC352C267BE8430148720 /* Pods-Blackjack.debug.xcconfig */,
				12AD08DACE12444B2CF75E5D /* Pods-Blackjack.release.xcconfig */,
			);
			name = Pods;
			sourceTree = "<group>";
		};
/* End PBXGroup section */

/* Begin PBXNativeTarget section */
		2071DEBC216B902700996982 /* Blackjack */ = {
			isa = PBXNativeTarget;
			buildConfigurationList = 2071DECF216B902D00996982 /* Build configuration list for PBXNativeTarget "Blackjack" */;
			buildPhases = (
				53AB904D097D0B8C1D4A9AE3 /* [CP] Check Pods Manifest.lock */,
				2071DEB9216B902700996982 /* Sources */,
				2071DEBA216B902700996982 /* Frameworks */,
				2071DEBB216B902700996982 /* Resources */,
				851FDCDC4BE787D3F6900D6A /* [CP] Embed Pods Frameworks */,
				15BB7A02BF81266BD47BA066 /* [CP] Copy Pods Resources */,
			);
			buildRules = (
			);
			dependencies = (
			);
			name = Blackjack;
			productName = Blackjack;
			productReference = 2071DEBD216B902700996982 /* Blackjack.app */;
			productType = "com.apple.product-type.application";
		};
/* End PBXNativeTarget section */

/* Begin PBXProject section */
		2071DEB5216B902700996982 /* Project object */ = {
			isa = PBXProject;
			attributes = {
				LastSwiftUpdateCheck = 1000;
				LastUpgradeCheck = 1000;
				ORGANIZATIONNAME = "Lauren Small";
				TargetAttributes = {
					2071DEBC216B902700996982 = {
						CreatedOnToolsVersion = 10.0;
					};
				};
			};
			buildConfigurationList = 2071DEB8216B902700996982 /* Build configuration list for PBXProject "Blackjack" */;
			compatibilityVersion = "Xcode 9.3";
			developmentRegion = en;
			hasScannedForEncodings = 0;
			knownRegions = (
				en,
				Base,
			);
			mainGroup = 2071DEB4216B902700996982;
			productRefGroup = 2071DEBE216B902700996982 /* Products */;
			projectDirPath = "";
			projectRoot = "";
			targets = (
				2071DEBC216B902700996982 /* Blackjack */,
			);
		};
/* End PBXProject section */

/* Begin PBXResourcesBuildPhase section */
		2071DEBB216B902700996982 /* Resources */ = {
			isa = PBXResourcesBuildPhase;
			buildActionMask = 2147483647;
			files = (
				2071DECB216B902D00996982 /* LaunchScreen.storyboard in Resources */,
				2071DEC8216B902D00996982 /* Assets.xcassets in Resources */,
				2071DEC6216B902800996982 /* Main.storyboard in Resources */,
				20AD6BBA2179132100415A5D /* GoogleService-Info.plist in Resources */,
			);
			runOnlyForDeploymentPostprocessing = 0;
		};
/* End PBXResourcesBuildPhase section */

/* Begin PBXShellScriptBuildPhase section */
		15BB7A02BF81266BD47BA066 /* [CP] Copy Pods Resources */ = {
			isa = PBXShellScriptBuildPhase;
			buildActionMask = 2147483647;
			files = (
			);
			inputFileListPaths = (
			);
			inputPaths = (
				"${SRCROOT}/Pods/Target Support Files/Pods-Blackjack/Pods-Blackjack-resources.sh",
				"${PODS_ROOT}/GoogleSignIn/Resources/GoogleSignIn.bundle",
			);
			name = "[CP] Copy Pods Resources";
			outputFileListPaths = (
			);
			outputPaths = (
				"${TARGET_BUILD_DIR}/${UNLOCALIZED_RESOURCES_FOLDER_PATH}/GoogleSignIn.bundle",
			);
			runOnlyForDeploymentPostprocessing = 0;
			shellPath = /bin/sh;
			shellScript = "\"${SRCROOT}/Pods/Target Support Files/Pods-Blackjack/Pods-Blackjack-resources.sh\"\n";
			showEnvVarsInLog = 0;
		};
		53AB904D097D0B8C1D4A9AE3 /* [CP] Check Pods Manifest.lock */ = {
			isa = PBXShellScriptBuildPhase;
			buildActionMask = 2147483647;
			files = (
			);
			inputFileListPaths = (
			);
			inputPaths = (
				"${PODS_PODFILE_DIR_PATH}/Podfile.lock",
				"${PODS_ROOT}/Manifest.lock",
			);
			name = "[CP] Check Pods Manifest.lock";
			outputFileListPaths = (
			);
			outputPaths = (
				"$(DERIVED_FILE_DIR)/Pods-Blackjack-checkManifestLockResult.txt",
			);
			runOnlyForDeploymentPostprocessing = 0;
			shellPath = /bin/sh;
			shellScript = "diff \"${PODS_PODFILE_DIR_PATH}/Podfile.lock\" \"${PODS_ROOT}/Manifest.lock\" > /dev/null\nif [ $? != 0 ] ; then\n    # print error to STDERR\n    echo \"error: The sandbox is not in sync with the Podfile.lock. Run 'pod install' or update your CocoaPods installation.\" >&2\n    exit 1\nfi\n# This output is used by Xcode 'outputs' to avoid re-running this script phase.\necho \"SUCCESS\" > \"${SCRIPT_OUTPUT_FILE_0}\"\n";
			showEnvVarsInLog = 0;
		};
		851FDCDC4BE787D3F6900D6A /* [CP] Embed Pods Frameworks */ = {
			isa = PBXShellScriptBuildPhase;
			buildActionMask = 2147483647;
			files = (
			);
			inputFileListPaths = (
			);
			inputPaths = (
				"${SRCROOT}/Pods/Target Support Files/Pods-Blackjack/Pods-Blackjack-frameworks.sh",
				"${BUILT_PRODUCTS_DIR}/GTMOAuth2/GTMOAuth2.framework",
				"${BUILT_PRODUCTS_DIR}/GTMSessionFetcher/GTMSessionFetcher.framework",
				"${BUILT_PRODUCTS_DIR}/GoogleAPIClientForREST/GoogleAPIClientForREST.framework",
				"${BUILT_PRODUCTS_DIR}/GoogleToolboxForMac/GoogleToolboxForMac.framework",
			);
			name = "[CP] Embed Pods Frameworks";
			outputFileListPaths = (
			);
			outputPaths = (
				"${TARGET_BUILD_DIR}/${FRAMEWORKS_FOLDER_PATH}/GTMOAuth2.framework",
				"${TARGET_BUILD_DIR}/${FRAMEWORKS_FOLDER_PATH}/GTMSessionFetcher.framework",
				"${TARGET_BUILD_DIR}/${FRAMEWORKS_FOLDER_PATH}/GoogleAPIClientForREST.framework",
				"${TARGET_BUILD_DIR}/${FRAMEWORKS_FOLDER_PATH}/GoogleToolboxForMac.framework",
			);
			runOnlyForDeploymentPostprocessing = 0;
			shellPath = /bin/sh;
			shellScript = "\"${SRCROOT}/Pods/Target Support Files/Pods-Blackjack/Pods-Blackjack-frameworks.sh\"\n";
			showEnvVarsInLog = 0;
		};
/* End PBXShellScriptBuildPhase section */

/* Begin PBXSourcesBuildPhase section */
		2071DEB9216B902700996982 /* Sources */ = {
			isa = PBXSourcesBuildPhase;
			buildActionMask = 2147483647;
			files = (
				2071DEDE216D1BA000996982 /* House.swift in Sources */,
				2071DED8216BCC7200996982 /* Deck.swift in Sources */,
				2071DEC3216B902700996982 /* ViewController.swift in Sources */,
				2071DEE0216D3D8800996982 /* HomeViewController.swift in Sources */,
				2071DEDC216D1B8100996982 /* Dealer.swift in Sources */,
				2071DED6216BAA9900996982 /* Card.swift in Sources */,
				2071DEDA216C224500996982 /* Player.swift in Sources */,
				200F89B6217CEE270050EC57 /* GooglePlaceSearchViewController.swift in Sources */,
				2071DEC1216B902700996982 /* AppDelegate.swift in Sources */,
				207D91F3216E4066006F0CE0 /* BlackjackViewController.swift in Sources */,
			);
			runOnlyForDeploymentPostprocessing = 0;
		};
/* End PBXSourcesBuildPhase section */

/* Begin PBXVariantGroup section */
		2071DEC4216B902700996982 /* Main.storyboard */ = {
			isa = PBXVariantGroup;
			children = (
				2071DEC5216B902700996982 /* Base */,
			);
			name = Main.storyboard;
			sourceTree = "<group>";
		};
		2071DEC9216B902D00996982 /* LaunchScreen.storyboard */ = {
			isa = PBXVariantGroup;
			children = (
				2071DECA216B902D00996982 /* Base */,
			);
			name = LaunchScreen.storyboard;
			sourceTree = "<group>";
		};
/* End PBXVariantGroup section */

/* Begin XCBuildConfiguration section */
		2071DECD216B902D00996982 /* Debug */ = {
			isa = XCBuildConfiguration;
			buildSettings = {
				ALWAYS_SEARCH_USER_PATHS = NO;
				CLANG_ANALYZER_NONNULL = YES;
				CLANG_ANALYZER_NUMBER_OBJECT_CONVERSION = YES_AGGRESSIVE;
				CLANG_CXX_LANGUAGE_STANDARD = "gnu++14";
				CLANG_CXX_LIBRARY = "libc++";
				CLANG_ENABLE_MODULES = YES;
				CLANG_ENABLE_OBJC_ARC = YES;
				CLANG_ENABLE_OBJC_WEAK = YES;
				CLANG_WARN_BLOCK_CAPTURE_AUTORELEASING = YES;
				CLANG_WARN_BOOL_CONVERSION = YES;
				CLANG_WARN_COMMA = YES;
				CLANG_WARN_CONSTANT_CONVERSION = YES;
				CLANG_WARN_DEPRECATED_OBJC_IMPLEMENTATIONS = YES;
				CLANG_WARN_DIRECT_OBJC_ISA_USAGE = YES_ERROR;
				CLANG_WARN_DOCUMENTATION_COMMENTS = YES;
				CLANG_WARN_EMPTY_BODY = YES;
				CLANG_WARN_ENUM_CONVERSION = YES;
				CLANG_WARN_INFINITE_RECURSION = YES;
				CLANG_WARN_INT_CONVERSION = YES;
				CLANG_WARN_NON_LITERAL_NULL_CONVERSION = YES;
				CLANG_WARN_OBJC_IMPLICIT_RETAIN_SELF = YES;
				CLANG_WARN_OBJC_LITERAL_CONVERSION = YES;
				CLANG_WARN_OBJC_ROOT_CLASS = YES_ERROR;
				CLANG_WARN_RANGE_LOOP_ANALYSIS = YES;
				CLANG_WARN_STRICT_PROTOTYPES = YES;
				CLANG_WARN_SUSPICIOUS_MOVE = YES;
				CLANG_WARN_UNGUARDED_AVAILABILITY = YES_AGGRESSIVE;
				CLANG_WARN_UNREACHABLE_CODE = YES;
				CLANG_WARN__DUPLICATE_METHOD_MATCH = YES;
				CODE_SIGN_IDENTITY = "iPhone Developer";
				COPY_PHASE_STRIP = NO;
				DEBUG_INFORMATION_FORMAT = dwarf;
				ENABLE_STRICT_OBJC_MSGSEND = YES;
				ENABLE_TESTABILITY = YES;
				GCC_C_LANGUAGE_STANDARD = gnu11;
				GCC_DYNAMIC_NO_PIC = NO;
				GCC_NO_COMMON_BLOCKS = YES;
				GCC_OPTIMIZATION_LEVEL = 0;
				GCC_PREPROCESSOR_DEFINITIONS = (
					"DEBUG=1",
					"$(inherited)",
				);
				GCC_WARN_64_TO_32_BIT_CONVERSION = YES;
				GCC_WARN_ABOUT_RETURN_TYPE = YES_ERROR;
				GCC_WARN_UNDECLARED_SELECTOR = YES;
				GCC_WARN_UNINITIALIZED_AUTOS = YES_AGGRESSIVE;
				GCC_WARN_UNUSED_FUNCTION = YES;
				GCC_WARN_UNUSED_VARIABLE = YES;
				IPHONEOS_DEPLOYMENT_TARGET = 12.0;
				MTL_ENABLE_DEBUG_INFO = INCLUDE_SOURCE;
				MTL_FAST_MATH = YES;
				ONLY_ACTIVE_ARCH = YES;
				SDKROOT = iphoneos;
				SWIFT_ACTIVE_COMPILATION_CONDITIONS = DEBUG;
				SWIFT_OPTIMIZATION_LEVEL = "-Onone";
			};
			name = Debug;
		};
		2071DECE216B902D00996982 /* Release */ = {
			isa = XCBuildConfiguration;
			buildSettings = {
				ALWAYS_SEARCH_USER_PATHS = NO;
				CLANG_ANALYZER_NONNULL = YES;
				CLANG_ANALYZER_NUMBER_OBJECT_CONVERSION = YES_AGGRESSIVE;
				CLANG_CXX_LANGUAGE_STANDARD = "gnu++14";
				CLANG_CXX_LIBRARY = "libc++";
				CLANG_ENABLE_MODULES = YES;
				CLANG_ENABLE_OBJC_ARC = YES;
				CLANG_ENABLE_OBJC_WEAK = YES;
				CLANG_WARN_BLOCK_CAPTURE_AUTORELEASING = YES;
				CLANG_WARN_BOOL_CONVERSION = YES;
				CLANG_WARN_COMMA = YES;
				CLANG_WARN_CONSTANT_CONVERSION = YES;
				CLANG_WARN_DEPRECATED_OBJC_IMPLEMENTATIONS = YES;
				CLANG_WARN_DIRECT_OBJC_ISA_USAGE = YES_ERROR;
				CLANG_WARN_DOCUMENTATION_COMMENTS = YES;
				CLANG_WARN_EMPTY_BODY = YES;
				CLANG_WARN_ENUM_CONVERSION = YES;
				CLANG_WARN_INFINITE_RECURSION = YES;
				CLANG_WARN_INT_CONVERSION = YES;
				CLANG_WARN_NON_LITERAL_NULL_CONVERSION = YES;
				CLANG_WARN_OBJC_IMPLICIT_RETAIN_SELF = YES;
				CLANG_WARN_OBJC_LITERAL_CONVERSION = YES;
				CLANG_WARN_OBJC_ROOT_CLASS = YES_ERROR;
				CLANG_WARN_RANGE_LOOP_ANALYSIS = YES;
				CLANG_WARN_STRICT_PROTOTYPES = YES;
				CLANG_WARN_SUSPICIOUS_MOVE = YES;
				CLANG_WARN_UNGUARDED_AVAILABILITY = YES_AGGRESSIVE;
				CLANG_WARN_UNREACHABLE_CODE = YES;
				CLANG_WARN__DUPLICATE_METHOD_MATCH = YES;
				CODE_SIGN_IDENTITY = "iPhone Developer";
				COPY_PHASE_STRIP = NO;
				DEBUG_INFORMATION_FORMAT = "dwarf-with-dsym";
				ENABLE_NS_ASSERTIONS = NO;
				ENABLE_STRICT_OBJC_MSGSEND = YES;
				GCC_C_LANGUAGE_STANDARD = gnu11;
				GCC_NO_COMMON_BLOCKS = YES;
				GCC_WARN_64_TO_32_BIT_CONVERSION = YES;
				GCC_WARN_ABOUT_RETURN_TYPE = YES_ERROR;
				GCC_WARN_UNDECLARED_SELECTOR = YES;
				GCC_WARN_UNINITIALIZED_AUTOS = YES_AGGRESSIVE;
				GCC_WARN_UNUSED_FUNCTION = YES;
				GCC_WARN_UNUSED_VARIABLE = YES;
				IPHONEOS_DEPLOYMENT_TARGET = 12.0;
				MTL_ENABLE_DEBUG_INFO = NO;
				MTL_FAST_MATH = YES;
				SDKROOT = iphoneos;
				SWIFT_COMPILATION_MODE = wholemodule;
				SWIFT_OPTIMIZATION_LEVEL = "-O";
				VALIDATE_PRODUCT = YES;
			};
			name = Release;
		};
		2071DED0216B902D00996982 /* Debug */ = {
			isa = XCBuildConfiguration;
			baseConfigurationReference = EDFEC352C267BE8430148720 /* Pods-Blackjack.debug.xcconfig */;
			buildSettings = {
				ASSETCATALOG_COMPILER_APPICON_NAME = AppIcon;
				CODE_SIGN_STYLE = Automatic;
				INFOPLIST_FILE = Blackjack/Info.plist;
				LD_RUNPATH_SEARCH_PATHS = (
					"$(inherited)",
					"@executable_path/Frameworks",
				);
				PRODUCT_BUNDLE_IDENTIFIER = com.detroitlabs.Blackjack;
				PRODUCT_NAME = "$(TARGET_NAME)";
				SWIFT_VERSION = 4.2;
				TARGETED_DEVICE_FAMILY = "1,2";
			};
			name = Debug;
		};
		2071DED1216B902D00996982 /* Release */ = {
			isa = XCBuildConfiguration;
			baseConfigurationReference = 12AD08DACE12444B2CF75E5D /* Pods-Blackjack.release.xcconfig */;
			buildSettings = {
				ASSETCATALOG_COMPILER_APPICON_NAME = AppIcon;
				CODE_SIGN_STYLE = Automatic;
				INFOPLIST_FILE = Blackjack/Info.plist;
				LD_RUNPATH_SEARCH_PATHS = (
					"$(inherited)",
					"@executable_path/Frameworks",
				);
				PRODUCT_BUNDLE_IDENTIFIER = com.detroitlabs.Blackjack;
				PRODUCT_NAME = "$(TARGET_NAME)";
				SWIFT_VERSION = 4.2;
				TARGETED_DEVICE_FAMILY = "1,2";
			};
			name = Release;
		};
/* End XCBuildConfiguration section */

/* Begin XCConfigurationList section */
		2071DEB8216B902700996982 /* Build configuration list for PBXProject "Blackjack" */ = {
			isa = XCConfigurationList;
			buildConfigurations = (
				2071DECD216B902D00996982 /* Debug */,
				2071DECE216B902D00996982 /* Release */,
			);
			defaultConfigurationIsVisible = 0;
			defaultConfigurationName = Release;
		};
		2071DECF216B902D00996982 /* Build configuration list for PBXNativeTarget "Blackjack" */ = {
			isa = XCConfigurationList;
			buildConfigurations = (
				2071DED0216B902D00996982 /* Debug */,
				2071DED1216B902D00996982 /* Release */,
			);
			defaultConfigurationIsVisible = 0;
			defaultConfigurationName = Release;
		};
/* End XCConfigurationList section */
	};
	rootObject = 2071DEB5216B902700996982 /* Project object */;
}
